{
    "_meta": {
        "hash": {
            "sha256": "08d7a243ab12cab4e6cc74edb2f92b64e5daa587d2c4ef7afcc97ab250551cf2"
        },
        "pipfile-spec": 6,
        "requires": {
            "python_version": "3.11"
        },
        "sources": [
            {
                "name": "pypi",
                "url": "https://pypi.org/simple",
                "verify_ssl": true
            }
        ]
    },
    "default": {
        "astroid": {
            "hashes": [
                "sha256:7d5895c9825e18079c5aeac0572bc2e4c83205c95d416e0b4fee8bc361d2d9ca",
                "sha256:86b0bb7d7da0be1a7c4aedb7974e391b32d4ed89e33de6ed6902b4b15c97577e"
            ],
            "markers": "python_full_version >= '3.8.0'",
            "version": "==3.0.1"
        },
        "colorama": {
            "hashes": [
                "sha256:08695f5cb7ed6e0531a20572697297273c47b8cae5a63ffc6d6ed5c201be6e44",
                "sha256:4f1d9991f5acc0ca119f9d443620b77f9d6b33703e51011c16baf57afb285fc6"
            ],
            "markers": "sys_platform == 'win32'",
            "version": "==0.4.6"
        },
        "dill": {
            "hashes": [
                "sha256:76b122c08ef4ce2eedcd4d1abd8e641114bfc6c2867f49f3c41facf65bf19f5e",
                "sha256:cc1c8b182eb3013e24bd475ff2e9295af86c1a38eb1aff128dac8962a9ce3c03"
            ],
            "markers": "python_version >= '3.11'",
            "version": "==0.3.7"
        },
        "isort": {
            "hashes": [
                "sha256:8bef7dde241278824a6d83f44a544709b065191b95b6e50894bdc722fcba0504",
                "sha256:f84c2818376e66cf843d497486ea8fed8700b340f308f076c6fb1229dff318b6"
            ],
            "markers": "python_full_version >= '3.8.0'",
            "version": "==5.12.0"
        },
        "maskpass": {
            "hashes": [
                "sha256:49a9b46ae3838f21040c81d169cf2dca0b946881e1b44c0c55df9e2d50f7b623",
                "sha256:73448856147a611cb7c9d98ff417f1e55884419e0864504584e0db9c6a57b60c"
            ],
            "index": "pypi",
            "version": "==0.3.7"
        },
        "mccabe": {
            "hashes": [
                "sha256:348e0240c33b60bbdf4e523192ef919f28cb2c3d7d5c7794f74009290f236325",
                "sha256:6c2d30ab6be0e4a46919781807b4f0d834ebdd6c6e3dca0bda5a15f863427b6e"
            ],
            "markers": "python_version >= '3.6'",
            "version": "==0.7.0"
        },
        "platformdirs": {
            "hashes": [
                "sha256:cf8ee52a3afdb965072dcc652433e0c7e3e40cf5ea1477cd4b3b1d2eb75495b3",
                "sha256:e9d171d00af68be50e9202731309c4e658fd8bc76f55c11c7dd760d023bda68e"
            ],
            "markers": "python_version >= '3.7'",
            "version": "==3.11.0"
        },
        "pylint": {
            "hashes": [
                "sha256:0d4c286ef6d2f66c8bfb527a7f8a629009e42c99707dec821a03e1b51a4c1496",
                "sha256:60ed5f3a9ff8b61839ff0348b3624ceeb9e6c2a92c514d81c9cc273da3b6bcda"
            ],
            "index": "pypi",
            "markers": "python_full_version >= '3.8.0'",
            "version": "==3.0.2"
        },
        "pynput": {
            "hashes": [
                "sha256:19861b2a0c430d646489852f89500e0c9332e295f2c020e7c2775e7046aa2e2f",
                "sha256:264429fbe676e98e9050ad26a7017453bdd08768adb25cafb918347cf9f1eb4a",
                "sha256:3a5726546da54116b687785d38b1db56997ce1d28e53e8d22fc656d8b92e533c"
            ],
            "version": "==1.7.6"
        },
        "python-dotenv": {
            "hashes": [
                "sha256:a8df96034aae6d2d50a4ebe8216326c61c3eb64836776504fcca410e5937a3ba",
                "sha256:f5971a9226b701070a4bf2c38c89e5a3f0d64de8debda981d1db98583009122a"
            ],
            "index": "pypi",
            "markers": "python_version >= '3.8'",
            "version": "==1.0.0"
        },
        "shortuuid": {
            "hashes": [
                "sha256:27ea8f28b1bd0bf8f15057a3ece57275d2059d2b0bb02854f02189962c13b6aa",
                "sha256:fc75f2615914815a8e4cb1501b3a513745cb66ef0fd5fc6fb9f8c3fa3481f789"
            ],
            "index": "pypi",
            "markers": "python_version >= '3.5'",
            "version": "==1.0.11"
        },
        "six": {
            "hashes": [
                "sha256:1e61c37477a1626458e36f7b1d82aa5c9b094fa4802892072e49de9c60c4c926",
                "sha256:8abb2f1d86890a2dfb989f9a77cfcfd3e47c2a354b01111771326f8aa26e0254"
            ],
            "markers": "python_version >= '2.7' and python_version not in '3.0, 3.1, 3.2, 3.3'",
            "version": "==1.16.0"
        },
        "tabulate": {
            "hashes": [
                "sha256:0095b12bf5966de529c0feb1fa08671671b3368eec77d7ef7ab114be2c068b3c",
                "sha256:024ca478df22e9340661486f85298cff5f6dcdba14f3813e8830015b9ed1948f"
            ],
            "index": "pypi",
            "markers": "python_version >= '3.7'",
            "version": "==0.9.0"
        },
        "tomlkit": {
            "hashes": [
                "sha256:df32fab589a81f0d7dc525a4267b6d7a64ee99619cbd1eeb0fae32c1dd426977",
                "sha256:eeea7ac7563faeab0a1ed8fe12c2e5a51c61f933f2502f7e9db0241a65163ad0"
            ],
            "markers": "python_version >= '3.7'",
            "version": "==0.12.2"
        }
    },
    "develop": {}
}
